
Microsoft Visual Studio Solution File, Format Version 12.00
# Visual Studio Version 16
VisualStudioVersion = 16.0.31105.61
MinimumVisualStudioVersion = 10.0.40219.1
Project("{FAE04EC0-301F-11D3-BF4B-00C04F79EFBC}") = "WebApplication10Core", "WebApplication10Core.csproj", "{CA1385D4-069E-4622-A648-044E909D7045}"
EndProject
Global
	GlobalSection(SolutionConfigurationPlatforms) = preSolution
		Debug|Any CPU = Debug|Any CPU
		Release|Any CPU = Release|Any CPU
	EndGlobalSection
	GlobalSection(ProjectConfigurationPlatforms) = postSolution
		{CA1385D4-069E-4622-A648-044E909D7045}.Debug|Any CPU.ActiveCfg = Debug|Any CPU
		{CA1385D4-069E-4622-A648-044E909D7045}.Debug|Any CPU.Build.0 = Debug|Any CPU
		{CA1385D4-069E-4622-A648-044E909D7045}.Release|Any CPU.ActiveCfg = Release|Any CPU
		{CA1385D4-069E-4622-A648-044E909D7045}.Release|Any CPU.Build.0 = Release|Any CPU
	EndGlobalSection
	GlobalSection(SolutionProperties) = preSolution
		HideSolutionNode = FALSE
	EndGlobalSection
	GlobalSection(ExtensibilityGlobals) = postSolution
		SolutionGuid = {CDB55B81-197A-4DA9-AE79-B41967A354E0}
	EndGlobalSection
EndGlobal
